{
  "name": "Zadanie",
  "lockfileVersion": 2,
  "requires": true,
  "packages": {
    "": {
      "dependencies": {
        "cannon": "github:schteppe/cannon.js",
        "cannon-es": "^0.20.0"
      }
    },
    "node_modules/cannon": {
      "version": "0.6.2",
      "resolved": "git+ssh://git@github.com/schteppe/cannon.js.git#569730f94a1d9da47967a24fad0323ef7d5b4119",
      "engines": {
        "node": "*"
      }
    },
    "node_modules/cannon-es": {
      "version": "0.20.0",
      "resolved": "https://registry.npmjs.org/cannon-es/-/cannon-es-0.20.0.tgz",
      "integrity": "sha512-eZhWTZIkFOnMAJOgfXJa9+b3kVlvG+FX4mdkpePev/w/rP5V8NRquGyEozcjPfEoXUlb+p7d9SUcmDSn14prOA=="
    }
  },
  "dependencies": {
    "cannon": {
      "version": "git+ssh://git@github.com/schteppe/cannon.js.git#569730f94a1d9da47967a24fad0323ef7d5b4119",
      "from": "cannon@schteppe/cannon.js"
    },
    "cannon-es": {
      "version": "0.20.0",
      "resolved": "https://registry.npmjs.org/cannon-es/-/cannon-es-0.20.0.tgz",
      "integrity": "sha512-eZhWTZIkFOnMAJOgfXJa9+b3kVlvG+FX4mdkpePev/w/rP5V8NRquGyEozcjPfEoXUlb+p7d9SUcmDSn14prOA=="
    }
  }
}
